
Microsoft Visual Studio Solution File, Format Version 12.00
# Visual Studio Version 17
VisualStudioVersion = 17.13.35913.81 d17.13
MinimumVisualStudioVersion = 10.0.40219.1
Project("{FAE04EC0-301F-11D3-BF4B-00C04F79EFBC}") = "expensetracker", "expensetracker\expensetracker.csproj", "{F6663637-5E52-4717-8EAA-EAEBAD9D5706}"
EndProject
Global
	GlobalSection(SolutionConfigurationPlatforms) = preSolution
		Debug|Any CPU = Debug|Any CPU
		Release|Any CPU = Release|Any CPU
	EndGlobalSection
	GlobalSection(ProjectConfigurationPlatforms) = postSolution
		{F6663637-5E52-4717-8EAA-EAEBAD9D5706}.Debug|Any CPU.ActiveCfg = Debug|Any CPU
		{F6663637-5E52-4717-8EAA-EAEBAD9D5706}.Debug|Any CPU.Build.0 = Debug|Any CPU
		{F6663637-5E52-4717-8EAA-EAEBAD9D5706}.Debug|Any CPU.Deploy.0 = Debug|Any CPU
		{F6663637-5E52-4717-8EAA-EAEBAD9D5706}.Release|Any CPU.ActiveCfg = Release|Any CPU
		{F6663637-5E52-4717-8EAA-EAEBAD9D5706}.Release|Any CPU.Build.0 = Release|Any CPU
		{F6663637-5E52-4717-8EAA-EAEBAD9D5706}.Release|Any CPU.Deploy.0 = Release|Any CPU
	EndGlobalSection
	GlobalSection(SolutionProperties) = preSolution
		HideSolutionNode = FALSE
	EndGlobalSection
	GlobalSection(ExtensibilityGlobals) = postSolution
		SolutionGuid = {F82F2679-F715-4BEF-8D1D-C32BF85E4E7A}
	EndGlobalSection
EndGlobal
